# Generated by buf. DO NOT EDIT.
version: v2
deps:
  - name: buf.build/googleapis/googleapis
    commit: 61b203b9a9164be9a834f58c37be6f62
    digest: b5:7811a98b35bd2e4ae5c3ac73c8b3d9ae429f3a790da15de188dc98fc2b77d6bb10e45711f14903af9553fa9821dff256054f2e4b7795789265bc476bec2f088c
  - name: buf.build/grpc/grpc
    commit: d75db256c5a24d00bee4cca3f8aacf60
    digest: b5:a26460a265be8e7b7d75ff44ed83282a13375cf9a4aa0b44d49996ccfe21af235e9584b8dbeb8c213d5576c7c4f1873f9ada6bd85bfd9a5836ac8ae25fa2d767
