# Generated by buf. DO NOT EDIT.
version: v2
deps:
  - name: buf.build/googleapis/googleapis
    commit: c17df5b2beca46928cc87d5656bd5343
    digest: b5:648a01e0170d4512dea7d564016165decd1ed6e34bef79fe54753e51ad7e27545709ad9157d7551270147d551155c595a2fb0bf5bb33b1c83040ddbce915c604
  - name: buf.build/grpc/grpc
    commit: 1730f7242d0f45138a638b7612d46586
    digest: b5:2998161006b920a3e2cadf8855e008a7a5f4922a5ac699695db3e08beac0f3bee5429a71223b645bc5145b9725309768dcd36937be4b886b947994c45320d795
